
Microsoft Visual Studio Solution File, Format Version 12.00
# Visual Studio Version 16
VisualStudioVersion = 16.0.33027.164
MinimumVisualStudioVersion = 10.0.40219.1
Project("{FAE04EC0-301F-11D3-BF4B-00C04F79EFBC}") = "SOLID", "SOLID\SOLID.csproj", "{8AB42234-7F73-49B8-A7C0-97AB2E319E22}"
EndProject
Global
	GlobalSection(SolutionConfigurationPlatforms) = preSolution
		Debug|Any CPU = Debug|Any CPU
		Release|Any CPU = Release|Any CPU
	EndGlobalSection
	GlobalSection(ProjectConfigurationPlatforms) = postSolution
		{8AB42234-7F73-49B8-A7C0-97AB2E319E22}.Debug|Any CPU.ActiveCfg = Debug|Any CPU
		{8AB42234-7F73-49B8-A7C0-97AB2E319E22}.Debug|Any CPU.Build.0 = Debug|Any CPU
		{8AB42234-7F73-49B8-A7C0-97AB2E319E22}.Release|Any CPU.ActiveCfg = Release|Any CPU
		{8AB42234-7F73-49B8-A7C0-97AB2E319E22}.Release|Any CPU.Build.0 = Release|Any CPU
	EndGlobalSection
	GlobalSection(SolutionProperties) = preSolution
		HideSolutionNode = FALSE
	EndGlobalSection
	GlobalSection(ExtensibilityGlobals) = postSolution
		SolutionGuid = {328A5D6B-255C-46AF-9606-A849E6B0310D}
	EndGlobalSection
EndGlobal
